PODS:
  - Flutter (1.0.0)
  - flutter_webview_plugin (0.0.1):
    - Flutter
  - geolocator (2.0.1):
    - Flutter
  - google_api_availability (1.0.2):
    - Flutter
  - google_sign_in (0.0.1):
    - Flutter
    - GoogleSignIn (~> 4.0)
  - GoogleSignIn (4.2.0):
    - GoogleToolboxForMac/NSDictionary+URLArguments (~> 2.1)
    - GoogleToolboxForMac/NSString+URLArguments (~> 2.1)
    - GTMOAuth2 (~> 1.0)
    - GTMSessionFetcher/Core (~> 1.1)
  - GoogleToolboxForMac/DebugUtils (2.1.4):
    - GoogleToolboxForMac/Defines (= 2.1.4)
  - GoogleToolboxForMac/Defines (2.1.4)
  - GoogleToolboxForMac/NSDictionary+URLArguments (2.1.4):
    - GoogleToolboxForMac/DebugUtils (= 2.1.4)
    - GoogleToolboxForMac/Defines (= 2.1.4)
    - GoogleToolboxForMac/NSString+URLArguments (= 2.1.4)
  - GoogleToolboxForMac/NSString+URLArguments (2.1.4)
  - GTMOAuth2 (1.1.6):
    - GTMSessionFetcher (~> 1.1)
  - GTMSessionFetcher (1.2.0):
    - GTMSessionFetcher/Full (= 1.2.0)
  - GTMSessionFetcher/Core (1.2.0)
  - GTMSessionFetcher/Full (1.2.0):
    - GTMSessionFetcher/Core (= 1.2.0)
  - image_picker (0.0.1):
    - Flutter
  - location (0.0.1):
    - Flutter
  - path_provider (0.0.1):
    - Flutter
  - permission_handler (2.0.0):
    - Flutter
  - shared_preferences (0.0.1):
    - Flutter
  - url_launcher (0.0.1):
    - Flutter

DEPENDENCIES:
  - Flutter (from `.symlinks/flutter/ios-release`)
  - flutter_webview_plugin (from `.symlinks/plugins/flutter_webview_plugin/ios`)
  - geolocator (from `.symlinks/plugins/geolocator/ios`)
  - google_api_availability (from `.symlinks/plugins/google_api_availability/ios`)
  - google_sign_in (from `.symlinks/plugins/google_sign_in/ios`)
  - image_picker (from `.symlinks/plugins/image_picker/ios`)
  - location (from `.symlinks/plugins/location/ios`)
  - path_provider (from `.symlinks/plugins/path_provider/ios`)
  - permission_handler (from `.symlinks/plugins/permission_handler/ios`)
  - shared_preferences (from `.symlinks/plugins/shared_preferences/ios`)
  - url_launcher (from `.symlinks/plugins/url_launcher/ios`)

EXTERNAL SOURCES:
  Flutter:
    :path: .symlinks/flutter/ios-release
  flutter_webview_plugin:
    :path: .symlinks/plugins/flutter_webview_plugin/ios
  geolocator:
    :path: .symlinks/plugins/geolocator/ios
  google_api_availability:
    :path: .symlinks/plugins/google_api_availability/ios
  google_sign_in:
    :path: .symlinks/plugins/google_sign_in/ios
  image_picker:
    :path: .symlinks/plugins/image_picker/ios
  location:
    :path: .symlinks/plugins/location/ios
  path_provider:
    :path: .symlinks/plugins/path_provider/ios
  permission_handler:
    :path: .symlinks/plugins/permission_handler/ios
  shared_preferences:
    :path: .symlinks/plugins/shared_preferences/ios
  url_launcher:
    :path: .symlinks/plugins/url_launcher/ios

SPEC CHECKSUMS:
  Flutter: 9d0fac939486c9aba2809b7982dfdbb47a7b0296
  flutter_webview_plugin: 116575b48572029304775b768e9f15ebfc316274
  geolocator: 11c9ccc9524fe2882c1fd28d38afcb9a1d47ecdb
  google_api_availability: ac9401e6853c987a959964559dcb45c51f8de4d7
  google_sign_in: cbeb57b96679823d14df6b2240b629b983a42d79
  GoogleSignIn: 591e46382014e591269f862ba6e7bc0fbd793532
  GoogleToolboxForMac: 91c824d21e85b31c2aae9bb011c5027c9b4e738f
  GTMOAuth2: c77fe325e4acd453837e72d91e3b5f13116857b2
  GTMSessionFetcher: 0c4baf0a73acd0041bf9f71ea018deedab5ea84e
  image_picker: ee00aab0487cedc80a304085219503cc6d0f2e22
  location: 26c90953ad5916331d0d1d913898779910416487
  path_provider: 09407919825bfe3c2deae39453b7a5b44f467873
  permission_handler: d18559f3fbbc767b9c3af4849bf7b95c92467b22
  shared_preferences: 5a1d487c427ee18fcd3ea1f2a131569481834b53
  url_launcher: 92b89c1029a0373879933c21642958c874539095

PODFILE CHECKSUM: 7765ea4305eaab0b3dfd384c7de11902aa3195fd

COCOAPODS: 1.4.0
